// !$*UTF8*$!
{
	archiveVersion = 1;
	classes = {
	};
	objectVersion = 77;
	objects = {

/* Begin PBXBuildFile section */
		04CE88BE0C73102C401150DA /* Models.swift in Sources */ = {isa = PBXBuildFile; fileRef = FBE95557715F0222A9A2D898 /* Models.swift */; };
		08E7AC9097713671B80AEF25 /* AzureSpeechManager.swift in Sources */ = {isa = PBXBuildFile; fileRef = 70034F1AACF0415FC0A7B401 /* AzureSpeechManager.swift */; };
		9B1F5D6CCBE150002B3D4E5F /* VoiceActivityDetector.swift in Sources */ = {isa = PBXBuildFile; fileRef = 7C0D4E2BBAD040001A2C3D4E /* VoiceActivityDetector.swift */; };
		13A63DF6D5D49C1AE27F45EC /* SessionsView.swift in Sources */ = {isa = PBXBuildFile; fileRef = 2F32FE4F7A4421F150EB56D6 /* SessionsView.swift */; };
		171212789B4479A6FADC345D /* TerminalViewModel.swift in Sources */ = {isa = PBXBuildFile; fileRef = 7606DB674BC71275A25D1B50 /* TerminalViewModel.swift */; };
		32CB6BF8B03DEEA91B213188 /* Theme.swift in Sources */ = {isa = PBXBuildFile; fileRef = EF4E0E4B479FA41D70865DD8 /* Theme.swift */; };
		3542036E248FEB97136E3E85 /* ChatViewModel.swift in Sources */ = {isa = PBXBuildFile; fileRef = 2AFE09E16F77FB3DF26DD049 /* ChatViewModel.swift */; };
		4D15D15B0428A5E9654B0172 /* SessionsViewModel.swift in Sources */ = {isa = PBXBuildFile; fileRef = 8D8533CA7E26A870B431E644 /* SessionsViewModel.swift */; };
		649C3CBD0C16454577837CDC /* MakroApp.swift in Sources */ = {isa = PBXBuildFile; fileRef = E7115624D08EB3EC3D45859F /* MakroApp.swift */; };
		745ADAA73FAD5DA0053D141F /* Assets.xcassets in Resources */ = {isa = PBXBuildFile; fileRef = 2F4D53CAEC92B38B12F3EA9E /* Assets.xcassets */; };
		795F31AB0261DA93684F542A /* ChatView.swift in Sources */ = {isa = PBXBuildFile; fileRef = B845DA418647EA128499AB3A /* ChatView.swift */; };
		7FDD68202EF81E94CE31A6D6 /* SettingsView.swift in Sources */ = {isa = PBXBuildFile; fileRef = D33487D9063356B4947134C2 /* SettingsView.swift */; };
		82D0067DFF4CF9B075296805 /* AppDelegate.swift in Sources */ = {isa = PBXBuildFile; fileRef = 791D50F6D3288C4934C2006A /* AppDelegate.swift */; };
		9680A9D36267A514B9281C89 /* APIClient.swift in Sources */ = {isa = PBXBuildFile; fileRef = E5771BD2F137609458953553 /* APIClient.swift */; };
		99BB950716C1F19A97E632A6 /* KanbanViewModel.swift in Sources */ = {isa = PBXBuildFile; fileRef = 62DA63C8C7F48649AC028A2E /* KanbanViewModel.swift */; };
		9AE1CF3C714C34A02E827EEB /* Pods_Makro.framework in Frameworks */ = {isa = PBXBuildFile; fileRef = 0D055BC1A0B6F479CFFF89B8 /* Pods_Makro.framework */; };
		AB8246F1BEF0BA659B3D046C /* ANSI.swift in Sources */ = {isa = PBXBuildFile; fileRef = DA9859C06BC6CD8E48858057 /* ANSI.swift */; };
		B6B835DDF321ECDBF47E6894 /* NowPlayingManager.swift in Sources */ = {isa = PBXBuildFile; fileRef = 80C150376C27220D3A78BDDD /* NowPlayingManager.swift */; };
		C6CDDA92EA8534AEEAAFCF65 /* CallView.swift in Sources */ = {isa = PBXBuildFile; fileRef = 783498E9FFBDCC956156CD6E /* CallView.swift */; };
		CF6DA06ADF699F440BEEE89F /* KanbanView.swift in Sources */ = {isa = PBXBuildFile; fileRef = 93807192D2A1EEB3BDB83074 /* KanbanView.swift */; };
		DB07A8E1A37C8EBD9ED78419 /* Config.swift in Sources */ = {isa = PBXBuildFile; fileRef = 84743919C8053EAACF231B37 /* Config.swift */; };
/* End PBXBuildFile section */

/* Begin PBXFileReference section */
		07256E45F5130600B29B76D3 /* Makro.entitlements */ = {isa = PBXFileReference; lastKnownFileType = text.plist.entitlements; path = Makro.entitlements; sourceTree = "<group>"; };
		073F7A972B71A581504EC2F4 /* Makro.app */ = {isa = PBXFileReference; includeInIndex = 0; lastKnownFileType = wrapper.application; path = Makro.app; sourceTree = BUILT_PRODUCTS_DIR; };
		0D055BC1A0B6F479CFFF89B8 /* Pods_Makro.framework */ = {isa = PBXFileReference; explicitFileType = wrapper.framework; includeInIndex = 0; path = Pods_Makro.framework; sourceTree = BUILT_PRODUCTS_DIR; };
		2AFE09E16F77FB3DF26DD049 /* ChatViewModel.swift */ = {isa = PBXFileReference; lastKnownFileType = sourcecode.swift; path = ChatViewModel.swift; sourceTree = "<group>"; };
		2F32FE4F7A4421F150EB56D6 /* SessionsView.swift */ = {isa = PBXFileReference; lastKnownFileType = sourcecode.swift; path = SessionsView.swift; sourceTree = "<group>"; };
		2F4D53CAEC92B38B12F3EA9E /* Assets.xcassets */ = {isa = PBXFileReference; lastKnownFileType = folder.assetcatalog; path = Assets.xcassets; sourceTree = "<group>"; };
		457FDB72D58643BBFC1E7A9E /* Info.plist */ = {isa = PBXFileReference; lastKnownFileType = text.plist; path = Info.plist; sourceTree = "<group>"; };
		62DA63C8C7F48649AC028A2E /* KanbanViewModel.swift */ = {isa = PBXFileReference; lastKnownFileType = sourcecode.swift; path = KanbanViewModel.swift; sourceTree = "<group>"; };
		70034F1AACF0415FC0A7B401 /* AzureSpeechManager.swift */ = {isa = PBXFileReference; lastKnownFileType = sourcecode.swift; path = AzureSpeechManager.swift; sourceTree = "<group>"; };
		7C0D4E2BBAD040001A2C3D4E /* VoiceActivityDetector.swift */ = {isa = PBXFileReference; lastKnownFileType = sourcecode.swift; path = VoiceActivityDetector.swift; sourceTree = "<group>"; };
		7606DB674BC71275A25D1B50 /* TerminalViewModel.swift */ = {isa = PBXFileReference; lastKnownFileType = sourcecode.swift; path = TerminalViewModel.swift; sourceTree = "<group>"; };
		783498E9FFBDCC956156CD6E /* CallView.swift */ = {isa = PBXFileReference; lastKnownFileType = sourcecode.swift; path = CallView.swift; sourceTree = "<group>"; };
		791D50F6D3288C4934C2006A /* AppDelegate.swift */ = {isa = PBXFileReference; lastKnownFileType = sourcecode.swift; path = AppDelegate.swift; sourceTree = "<group>"; };
		80C150376C27220D3A78BDDD /* NowPlayingManager.swift */ = {isa = PBXFileReference; lastKnownFileType = sourcecode.swift; path = NowPlayingManager.swift; sourceTree = "<group>"; };
		84743919C8053EAACF231B37 /* Config.swift */ = {isa = PBXFileReference; lastKnownFileType = sourcecode.swift; path = Config.swift; sourceTree = "<group>"; };
		8D8533CA7E26A870B431E644 /* SessionsViewModel.swift */ = {isa = PBXFileReference; lastKnownFileType = sourcecode.swift; path = SessionsViewModel.swift; sourceTree = "<group>"; };
		90CE04779A4EBA89355EF379 /* Pods-Makro.debug.xcconfig */ = {isa = PBXFileReference; includeInIndex = 1; lastKnownFileType = text.xcconfig; name = "Pods-Makro.debug.xcconfig"; path = "Target Support Files/Pods-Makro/Pods-Makro.debug.xcconfig"; sourceTree = "<group>"; };
		93807192D2A1EEB3BDB83074 /* KanbanView.swift */ = {isa = PBXFileReference; lastKnownFileType = sourcecode.swift; path = KanbanView.swift; sourceTree = "<group>"; };
		B845DA418647EA128499AB3A /* ChatView.swift */ = {isa = PBXFileReference; lastKnownFileType = sourcecode.swift; path = ChatView.swift; sourceTree = "<group>"; };
		D33487D9063356B4947134C2 /* SettingsView.swift */ = {isa = PBXFileReference; lastKnownFileType = sourcecode.swift; path = SettingsView.swift; sourceTree = "<group>"; };
		DA9859C06BC6CD8E48858057 /* ANSI.swift */ = {isa = PBXFileReference; lastKnownFileType = sourcecode.swift; path = ANSI.swift; sourceTree = "<group>"; };
		E5771BD2F137609458953553 /* APIClient.swift */ = {isa = PBXFileReference; lastKnownFileType = sourcecode.swift; path = APIClient.swift; sourceTree = "<group>"; };
		E7115624D08EB3EC3D45859F /* MakroApp.swift */ = {isa = PBXFileReference; lastKnownFileType = sourcecode.swift; path = MakroApp.swift; sourceTree = "<group>"; };
		EF4E0E4B479FA41D70865DD8 /* Theme.swift */ = {isa = PBXFileReference; lastKnownFileType = sourcecode.swift; path = Theme.swift; sourceTree = "<group>"; };
		F5E6B67923EEF26C0C9C361B /* Pods-Makro.release.xcconfig */ = {isa = PBXFileReference; includeInIndex = 1; lastKnownFileType = text.xcconfig; name = "Pods-Makro.release.xcconfig"; path = "Target Support Files/Pods-Makro/Pods-Makro.release.xcconfig"; sourceTree = "<group>"; };
		FBE95557715F0222A9A2D898 /* Models.swift */ = {isa = PBXFileReference; lastKnownFileType = sourcecode.swift; path = Models.swift; sourceTree = "<group>"; };
/* End PBXFileReference section */

/* Begin PBXFrameworksBuildPhase section */
		B5115F05F64D1C2A4315F1BE /* Frameworks */ = {
			isa = PBXFrameworksBuildPhase;
			buildActionMask = 2147483647;
			files = (
				9AE1CF3C714C34A02E827EEB /* Pods_Makro.framework in Frameworks */,
			);
			runOnlyForDeploymentPostprocessing = 0;
		};
/* End PBXFrameworksBuildPhase section */

/* Begin PBXGroup section */
		05BBE59AA2D8B71E2C10170F /* Pods */ = {
			isa = PBXGroup;
			children = (
				90CE04779A4EBA89355EF379 /* Pods-Makro.debug.xcconfig */,
				F5E6B67923EEF26C0C9C361B /* Pods-Makro.release.xcconfig */,
			);
			name = Pods;
			path = Pods;
			sourceTree = "<group>";
		};
		498E47ADD394B467D1965BC1 /* Frameworks */ = {
			isa = PBXGroup;
			children = (
				0D055BC1A0B6F479CFFF89B8 /* Pods_Makro.framework */,
			);
			name = Frameworks;
			sourceTree = "<group>";
		};
		9A7AD897179BC4C3348928D1 /* Makro */ = {
			isa = PBXGroup;
			children = (
				DA9859C06BC6CD8E48858057 /* ANSI.swift */,
				E5771BD2F137609458953553 /* APIClient.swift */,
				791D50F6D3288C4934C2006A /* AppDelegate.swift */,
				2F4D53CAEC92B38B12F3EA9E /* Assets.xcassets */,
				70034F1AACF0415FC0A7B401 /* AzureSpeechManager.swift */,
				7C0D4E2BBAD040001A2C3D4E /* VoiceActivityDetector.swift */,
				783498E9FFBDCC956156CD6E /* CallView.swift */,
				B845DA418647EA128499AB3A /* ChatView.swift */,
				2AFE09E16F77FB3DF26DD049 /* ChatViewModel.swift */,
				84743919C8053EAACF231B37 /* Config.swift */,
				457FDB72D58643BBFC1E7A9E /* Info.plist */,
				93807192D2A1EEB3BDB83074 /* KanbanView.swift */,
				62DA63C8C7F48649AC028A2E /* KanbanViewModel.swift */,
				07256E45F5130600B29B76D3 /* Makro.entitlements */,
				E7115624D08EB3EC3D45859F /* MakroApp.swift */,
				FBE95557715F0222A9A2D898 /* Models.swift */,
				80C150376C27220D3A78BDDD /* NowPlayingManager.swift */,
				2F32FE4F7A4421F150EB56D6 /* SessionsView.swift */,
				8D8533CA7E26A870B431E644 /* SessionsViewModel.swift */,
				D33487D9063356B4947134C2 /* SettingsView.swift */,
				7606DB674BC71275A25D1B50 /* TerminalViewModel.swift */,
				EF4E0E4B479FA41D70865DD8 /* Theme.swift */,
			);
			path = Makro;
			sourceTree = "<group>";
		};
		B78F8B751FC8816D0CFBC7E1 /* Products */ = {
			isa = PBXGroup;
			children = (
				073F7A972B71A581504EC2F4 /* Makro.app */,
			);
			name = Products;
			sourceTree = "<group>";
		};
		F57C61FD7099E8A002C0A625 = {
			isa = PBXGroup;
			children = (
				9A7AD897179BC4C3348928D1 /* Makro */,
				B78F8B751FC8816D0CFBC7E1 /* Products */,
				05BBE59AA2D8B71E2C10170F /* Pods */,
				498E47ADD394B467D1965BC1 /* Frameworks */,
			);
			sourceTree = "<group>";
		};
/* End PBXGroup section */

/* Begin PBXNativeTarget section */
		3FF398F9834B5FD99FA0767F /* Makro */ = {
			isa = PBXNativeTarget;
			buildConfigurationList = 76C359406432363A739394C4 /* Build configuration list for PBXNativeTarget "Makro" */;
			buildPhases = (
				F4080DC31349E83F5835C8FB /* [CP] Check Pods Manifest.lock */,
				6CD5296BD50C56EAE2061F3E /* Sources */,
				269CF20ABFBAC842C6927048 /* Resources */,
				B5115F05F64D1C2A4315F1BE /* Frameworks */,
				7D83E3EB0F7D489B0B88A651 /* [CP] Embed Pods Frameworks */,
			);
			buildRules = (
			);
			dependencies = (
			);
			name = Makro;
			productName = Makro;
			productReference = 073F7A972B71A581504EC2F4 /* Makro.app */;
			productType = "com.apple.product-type.application";
		};
/* End PBXNativeTarget section */

/* Begin PBXProject section */
		3B4216A6AD381C012D0BCD88 /* Project object */ = {
			isa = PBXProject;
			attributes = {
				BuildIndependentTargetsInParallel = YES;
				LastUpgradeCheck = 1600;
				TargetAttributes = {
					3FF398F9834B5FD99FA0767F = {
						DevelopmentTeam = K3YMW44F9V;
						ProvisioningStyle = Automatic;
					};
				};
			};
			buildConfigurationList = 54938152FB92ADA63779E472 /* Build configuration list for PBXProject "Makro" */;
			developmentRegion = en;
			hasScannedForEncodings = 0;
			knownRegions = (
				Base,
				en,
			);
			mainGroup = F57C61FD7099E8A002C0A625;
			minimizedProjectReferenceProxies = 1;
			preferredProjectObjectVersion = 77;
			productRefGroup = B78F8B751FC8816D0CFBC7E1 /* Products */;
			projectDirPath = "";
			projectRoot = "";
			targets = (
				3FF398F9834B5FD99FA0767F /* Makro */,
			);
		};
/* End PBXProject section */

/* Begin PBXResourcesBuildPhase section */
		269CF20ABFBAC842C6927048 /* Resources */ = {
			isa = PBXResourcesBuildPhase;
			buildActionMask = 2147483647;
			files = (
				745ADAA73FAD5DA0053D141F /* Assets.xcassets in Resources */,
			);
			runOnlyForDeploymentPostprocessing = 0;
		};
/* End PBXResourcesBuildPhase section */

/* Begin PBXShellScriptBuildPhase section */
		7D83E3EB0F7D489B0B88A651 /* [CP] Embed Pods Frameworks */ = {
			isa = PBXShellScriptBuildPhase;
			buildActionMask = 2147483647;
			files = (
			);
			inputFileListPaths = (
				"${PODS_ROOT}/Target Support Files/Pods-Makro/Pods-Makro-frameworks-${CONFIGURATION}-input-files.xcfilelist",
			);
			name = "[CP] Embed Pods Frameworks";
			outputFileListPaths = (
				"${PODS_ROOT}/Target Support Files/Pods-Makro/Pods-Makro-frameworks-${CONFIGURATION}-output-files.xcfilelist",
			);
			runOnlyForDeploymentPostprocessing = 0;
			shellPath = /bin/sh;
			shellScript = "\"${PODS_ROOT}/Target Support Files/Pods-Makro/Pods-Makro-frameworks.sh\"\n";
			showEnvVarsInLog = 0;
		};
		F4080DC31349E83F5835C8FB /* [CP] Check Pods Manifest.lock */ = {
			isa = PBXShellScriptBuildPhase;
			buildActionMask = 2147483647;
			files = (
			);
			inputFileListPaths = (
			);
			inputPaths = (
				"${PODS_PODFILE_DIR_PATH}/Podfile.lock",
				"${PODS_ROOT}/Manifest.lock",
			);
			name = "[CP] Check Pods Manifest.lock";
			outputFileListPaths = (
			);
			outputPaths = (
				"$(DERIVED_FILE_DIR)/Pods-Makro-checkManifestLockResult.txt",
			);
			runOnlyForDeploymentPostprocessing = 0;
			shellPath = /bin/sh;
			shellScript = "diff \"${PODS_PODFILE_DIR_PATH}/Podfile.lock\" \"${PODS_ROOT}/Manifest.lock\" > /dev/null\nif [ $? != 0 ] ; then\n    # print error to STDERR\n    echo \"error: The sandbox is not in sync with the Podfile.lock. Run 'pod install' or update your CocoaPods installation.\" >&2\n    exit 1\nfi\n# This output is used by Xcode 'outputs' to avoid re-running this script phase.\necho \"SUCCESS\" > \"${SCRIPT_OUTPUT_FILE_0}\"\n";
			showEnvVarsInLog = 0;
		};
/* End PBXShellScriptBuildPhase section */

/* Begin PBXSourcesBuildPhase section */
		6CD5296BD50C56EAE2061F3E /* Sources */ = {
			isa = PBXSourcesBuildPhase;
			buildActionMask = 2147483647;
			files = (
				AB8246F1BEF0BA659B3D046C /* ANSI.swift in Sources */,
				9680A9D36267A514B9281C89 /* APIClient.swift in Sources */,
				82D0067DFF4CF9B075296805 /* AppDelegate.swift in Sources */,
				08E7AC9097713671B80AEF25 /* AzureSpeechManager.swift in Sources */,
				9B1F5D6CCBE150002B3D4E5F /* VoiceActivityDetector.swift in Sources */,
				C6CDDA92EA8534AEEAAFCF65 /* CallView.swift in Sources */,
				795F31AB0261DA93684F542A /* ChatView.swift in Sources */,
				3542036E248FEB97136E3E85 /* ChatViewModel.swift in Sources */,
				DB07A8E1A37C8EBD9ED78419 /* Config.swift in Sources */,
				CF6DA06ADF699F440BEEE89F /* KanbanView.swift in Sources */,
				99BB950716C1F19A97E632A6 /* KanbanViewModel.swift in Sources */,
				649C3CBD0C16454577837CDC /* MakroApp.swift in Sources */,
				04CE88BE0C73102C401150DA /* Models.swift in Sources */,
				B6B835DDF321ECDBF47E6894 /* NowPlayingManager.swift in Sources */,
				13A63DF6D5D49C1AE27F45EC /* SessionsView.swift in Sources */,
				4D15D15B0428A5E9654B0172 /* SessionsViewModel.swift in Sources */,
				7FDD68202EF81E94CE31A6D6 /* SettingsView.swift in Sources */,
				171212789B4479A6FADC345D /* TerminalViewModel.swift in Sources */,
				32CB6BF8B03DEEA91B213188 /* Theme.swift in Sources */,
			);
			runOnlyForDeploymentPostprocessing = 0;
		};
/* End PBXSourcesBuildPhase section */

/* Begin XCBuildConfiguration section */
		5D412192D6B91758427CE153 /* Debug */ = {
			isa = XCBuildConfiguration;
			buildSettings = {
				ALWAYS_SEARCH_USER_PATHS = NO;
				CLANG_ANALYZER_NONNULL = YES;
				CLANG_ANALYZER_NUMBER_OBJECT_CONVERSION = YES_AGGRESSIVE;
				CLANG_CXX_LANGUAGE_STANDARD = "gnu++14";
				CLANG_CXX_LIBRARY = "libc++";
				CLANG_ENABLE_MODULES = YES;
				CLANG_ENABLE_OBJC_ARC = YES;
				CLANG_ENABLE_OBJC_WEAK = YES;
				CLANG_WARN_BLOCK_CAPTURE_AUTORELEASING = YES;
				CLANG_WARN_BOOL_CONVERSION = YES;
				CLANG_WARN_COMMA = YES;
				CLANG_WARN_CONSTANT_CONVERSION = YES;
				CLANG_WARN_DEPRECATED_OBJC_IMPLEMENTATIONS = YES;
				CLANG_WARN_DIRECT_OBJC_ISA_USAGE = YES_ERROR;
				CLANG_WARN_DOCUMENTATION_COMMENTS = YES;
				CLANG_WARN_EMPTY_BODY = YES;
				CLANG_WARN_ENUM_CONVERSION = YES;
				CLANG_WARN_INFINITE_RECURSION = YES;
				CLANG_WARN_INT_CONVERSION = YES;
				CLANG_WARN_NON_LITERAL_NULL_CONVERSION = YES;
				CLANG_WARN_OBJC_IMPLICIT_RETAIN_SELF = YES;
				CLANG_WARN_OBJC_LITERAL_CONVERSION = YES;
				CLANG_WARN_OBJC_ROOT_CLASS = YES_ERROR;
				CLANG_WARN_QUOTED_INCLUDE_IN_FRAMEWORK_HEADER = YES;
				CLANG_WARN_RANGE_LOOP_ANALYSIS = YES;
				CLANG_WARN_STRICT_PROTOTYPES = YES;
				CLANG_WARN_SUSPICIOUS_MOVE = YES;
				CLANG_WARN_UNGUARDED_AVAILABILITY = YES_AGGRESSIVE;
				CLANG_WARN_UNREACHABLE_CODE = YES;
				CLANG_WARN__DUPLICATE_METHOD_MATCH = YES;
				COPY_PHASE_STRIP = NO;
				DEBUG_INFORMATION_FORMAT = dwarf;
				ENABLE_STRICT_OBJC_MSGSEND = YES;
				ENABLE_TESTABILITY = YES;
				GCC_C_LANGUAGE_STANDARD = gnu11;
				GCC_DYNAMIC_NO_PIC = NO;
				GCC_NO_COMMON_BLOCKS = YES;
				GCC_OPTIMIZATION_LEVEL = 0;
				GCC_PREPROCESSOR_DEFINITIONS = (
					"$(inherited)",
					"DEBUG=1",
				);
				GCC_WARN_64_TO_32_BIT_CONVERSION = YES;
				GCC_WARN_ABOUT_RETURN_TYPE = YES_ERROR;
				GCC_WARN_UNDECLARED_SELECTOR = YES;
				GCC_WARN_UNINITIALIZED_AUTOS = YES_AGGRESSIVE;
				GCC_WARN_UNUSED_FUNCTION = YES;
				GCC_WARN_UNUSED_VARIABLE = YES;
				IPHONEOS_DEPLOYMENT_TARGET = 26.0;
				MTL_ENABLE_DEBUG_INFO = INCLUDE_SOURCE;
				MTL_FAST_MATH = YES;
				ONLY_ACTIVE_ARCH = YES;
				PRODUCT_NAME = "$(TARGET_NAME)";
				SDKROOT = iphoneos;
				SWIFT_ACTIVE_COMPILATION_CONDITIONS = DEBUG;
				SWIFT_OPTIMIZATION_LEVEL = "-Onone";
				SWIFT_VERSION = 5.0;
			};
			name = Debug;
		};
		844EB88DA07B1B061A2D7A06 /* Release */ = {
			isa = XCBuildConfiguration;
			buildSettings = {
				ALWAYS_SEARCH_USER_PATHS = NO;
				CLANG_ANALYZER_NONNULL = YES;
				CLANG_ANALYZER_NUMBER_OBJECT_CONVERSION = YES_AGGRESSIVE;
				CLANG_CXX_LANGUAGE_STANDARD = "gnu++14";
				CLANG_CXX_LIBRARY = "libc++";
				CLANG_ENABLE_MODULES = YES;
				CLANG_ENABLE_OBJC_ARC = YES;
				CLANG_ENABLE_OBJC_WEAK = YES;
				CLANG_WARN_BLOCK_CAPTURE_AUTORELEASING = YES;
				CLANG_WARN_BOOL_CONVERSION = YES;
				CLANG_WARN_COMMA = YES;
				CLANG_WARN_CONSTANT_CONVERSION = YES;
				CLANG_WARN_DEPRECATED_OBJC_IMPLEMENTATIONS = YES;
				CLANG_WARN_DIRECT_OBJC_ISA_USAGE = YES_ERROR;
				CLANG_WARN_DOCUMENTATION_COMMENTS = YES;
				CLANG_WARN_EMPTY_BODY = YES;
				CLANG_WARN_ENUM_CONVERSION = YES;
				CLANG_WARN_INFINITE_RECURSION = YES;
				CLANG_WARN_INT_CONVERSION = YES;
				CLANG_WARN_NON_LITERAL_NULL_CONVERSION = YES;
				CLANG_WARN_OBJC_IMPLICIT_RETAIN_SELF = YES;
				CLANG_WARN_OBJC_LITERAL_CONVERSION = YES;
				CLANG_WARN_OBJC_ROOT_CLASS = YES_ERROR;
				CLANG_WARN_QUOTED_INCLUDE_IN_FRAMEWORK_HEADER = YES;
				CLANG_WARN_RANGE_LOOP_ANALYSIS = YES;
				CLANG_WARN_STRICT_PROTOTYPES = YES;
				CLANG_WARN_SUSPICIOUS_MOVE = YES;
				CLANG_WARN_UNGUARDED_AVAILABILITY = YES_AGGRESSIVE;
				CLANG_WARN_UNREACHABLE_CODE = YES;
				CLANG_WARN__DUPLICATE_METHOD_MATCH = YES;
				COPY_PHASE_STRIP = NO;
				DEBUG_INFORMATION_FORMAT = "dwarf-with-dsym";
				ENABLE_NS_ASSERTIONS = NO;
				ENABLE_STRICT_OBJC_MSGSEND = YES;
				GCC_C_LANGUAGE_STANDARD = gnu11;
				GCC_NO_COMMON_BLOCKS = YES;
				GCC_WARN_64_TO_32_BIT_CONVERSION = YES;
				GCC_WARN_ABOUT_RETURN_TYPE = YES_ERROR;
				GCC_WARN_UNDECLARED_SELECTOR = YES;
				GCC_WARN_UNINITIALIZED_AUTOS = YES_AGGRESSIVE;
				GCC_WARN_UNUSED_FUNCTION = YES;
				GCC_WARN_UNUSED_VARIABLE = YES;
				IPHONEOS_DEPLOYMENT_TARGET = 26.0;
				MTL_ENABLE_DEBUG_INFO = NO;
				MTL_FAST_MATH = YES;
				PRODUCT_NAME = "$(TARGET_NAME)";
				SDKROOT = iphoneos;
				SWIFT_COMPILATION_MODE = wholemodule;
				SWIFT_OPTIMIZATION_LEVEL = "-O";
				SWIFT_VERSION = 5.0;
			};
			name = Release;
		};
		CA121894D8B46B6B5E24A589 /* Debug */ = {
			isa = XCBuildConfiguration;
			baseConfigurationReference = 90CE04779A4EBA89355EF379 /* Pods-Makro.debug.xcconfig */;
			buildSettings = {
				ASSETCATALOG_COMPILER_APPICON_NAME = AppIcon;
				CODE_SIGN_ENTITLEMENTS = Makro/Makro.entitlements;
				CODE_SIGN_IDENTITY = "Apple Development";
				CODE_SIGN_STYLE = Automatic;
				CURRENT_PROJECT_VERSION = 1;
				DEVELOPMENT_TEAM = K3YMW44F9V;
				INFOPLIST_FILE = Makro/Info.plist;
				IPHONEOS_DEPLOYMENT_TARGET = 26.0;
				LD_RUNPATH_SEARCH_PATHS = (
					"$(inherited)",
					"@executable_path/Frameworks",
				);
				MARKETING_VERSION = 1.0;
				PRODUCT_BUNDLE_IDENTIFIER = com.cybernagle.Makro;
				SDKROOT = iphoneos;
				SWIFT_VERSION = 5.9;
				TARGETED_DEVICE_FAMILY = "1,2";
			};
			name = Debug;
		};
		FC9D9B58664D93AB17F2570E /* Release */ = {
			isa = XCBuildConfiguration;
			baseConfigurationReference = F5E6B67923EEF26C0C9C361B /* Pods-Makro.release.xcconfig */;
			buildSettings = {
				ASSETCATALOG_COMPILER_APPICON_NAME = AppIcon;
				CODE_SIGN_ENTITLEMENTS = Makro/Makro.entitlements;
				CODE_SIGN_IDENTITY = "Apple Development";
				CODE_SIGN_STYLE = Automatic;
				CURRENT_PROJECT_VERSION = 1;
				DEVELOPMENT_TEAM = K3YMW44F9V;
				INFOPLIST_FILE = Makro/Info.plist;
				IPHONEOS_DEPLOYMENT_TARGET = 26.0;
				LD_RUNPATH_SEARCH_PATHS = (
					"$(inherited)",
					"@executable_path/Frameworks",
				);
				MARKETING_VERSION = 1.0;
				PRODUCT_BUNDLE_IDENTIFIER = com.cybernagle.Makro;
				SDKROOT = iphoneos;
				SWIFT_VERSION = 5.9;
				TARGETED_DEVICE_FAMILY = "1,2";
			};
			name = Release;
		};
/* End XCBuildConfiguration section */

/* Begin XCConfigurationList section */
		54938152FB92ADA63779E472 /* Build configuration list for PBXProject "Makro" */ = {
			isa = XCConfigurationList;
			buildConfigurations = (
				5D412192D6B91758427CE153 /* Debug */,
				844EB88DA07B1B061A2D7A06 /* Release */,
			);
			defaultConfigurationIsVisible = 0;
			defaultConfigurationName = Debug;
		};
		76C359406432363A739394C4 /* Build configuration list for PBXNativeTarget "Makro" */ = {
			isa = XCConfigurationList;
			buildConfigurations = (
				CA121894D8B46B6B5E24A589 /* Debug */,
				FC9D9B58664D93AB17F2570E /* Release */,
			);
			defaultConfigurationIsVisible = 0;
			defaultConfigurationName = Debug;
		};
/* End XCConfigurationList section */
	};
	rootObject = 3B4216A6AD381C012D0BCD88 /* Project object */;
}
